
Microsoft Visual Studio Solution File, Format Version 12.00
# Visual Studio 15
VisualStudioVersion = 15.0.27110.0
MinimumVisualStudioVersion = 10.0.40219.1
Project("{9A19103F-16F7-4668-BE54-9A1E7A4F7556}") = "DependencyInjectionResolver", "DependencyInjectionResolver\DependencyInjectionResolver.csproj", "{5F291129-07E2-47B0-8871-60868261C701}"
EndProject
Global
	GlobalSection(SolutionConfigurationPlatforms) = preSolution
		Debug|Any CPU = Debug|Any CPU
		Release|Any CPU = Release|Any CPU
	EndGlobalSection
	GlobalSection(ProjectConfigurationPlatforms) = postSolution
		{5F291129-07E2-47B0-8871-60868261C701}.Debug|Any CPU.ActiveCfg = Debug|Any CPU
		{5F291129-07E2-47B0-8871-60868261C701}.Debug|Any CPU.Build.0 = Debug|Any CPU
		{5F291129-07E2-47B0-8871-60868261C701}.Release|Any CPU.ActiveCfg = Release|Any CPU
		{5F291129-07E2-47B0-8871-60868261C701}.Release|Any CPU.Build.0 = Release|Any CPU
	EndGlobalSection
	GlobalSection(SolutionProperties) = preSolution
		HideSolutionNode = FALSE
	EndGlobalSection
	GlobalSection(ExtensibilityGlobals) = postSolution
		SolutionGuid = {AAB40CF0-B07C-414D-BD8C-0F9288E3FE9D}
	EndGlobalSection
EndGlobal
