
Microsoft Visual Studio Solution File, Format Version 12.00
# Visual Studio Version 17
VisualStudioVersion = 17.10.34707.107
MinimumVisualStudioVersion = 10.0.40219.1
Project("{FAE04EC0-301F-11D3-BF4B-00C04F79EFBC}") = "DependencyInjectionResolver", "DependencyInjectionResolver\DependencyInjectionResolver.csproj", "{FBA86E9C-A814-4425-87EF-2962ACABFEE4}"
EndProject
Project("{2150E333-8FDC-42A3-9474-1A3956D46DE8}") = "Libs", "Libs", "{AA43FEFB-1F00-424C-B24C-B12CC80FF488}"
EndProject
Project("{9A19103F-16F7-4668-BE54-9A1E7A4F7556}") = "HelpersLibs.Reflection", "..\..\..\..\..\OneDrive - 4C Digital\Projetos\ClassLibraries\Tools\HelpersLibs\HelpersLibs.Reflection\HelpersLibs.Reflection.csproj", "{6388794D-D908-413F-80C1-0BBB69F9EE0D}"
EndProject
Global
	GlobalSection(SolutionConfigurationPlatforms) = preSolution
		Debug|Any CPU = Debug|Any CPU
		Release|Any CPU = Release|Any CPU
	EndGlobalSection
	GlobalSection(ProjectConfigurationPlatforms) = postSolution
		{FBA86E9C-A814-4425-87EF-2962ACABFEE4}.Debug|Any CPU.ActiveCfg = Debug|Any CPU
		{FBA86E9C-A814-4425-87EF-2962ACABFEE4}.Debug|Any CPU.Build.0 = Debug|Any CPU
		{FBA86E9C-A814-4425-87EF-2962ACABFEE4}.Release|Any CPU.ActiveCfg = Release|Any CPU
		{FBA86E9C-A814-4425-87EF-2962ACABFEE4}.Release|Any CPU.Build.0 = Release|Any CPU
		{6388794D-D908-413F-80C1-0BBB69F9EE0D}.Debug|Any CPU.ActiveCfg = Debug|Any CPU
		{6388794D-D908-413F-80C1-0BBB69F9EE0D}.Debug|Any CPU.Build.0 = Debug|Any CPU
		{6388794D-D908-413F-80C1-0BBB69F9EE0D}.Release|Any CPU.ActiveCfg = Release|Any CPU
		{6388794D-D908-413F-80C1-0BBB69F9EE0D}.Release|Any CPU.Build.0 = Release|Any CPU
	EndGlobalSection
	GlobalSection(SolutionProperties) = preSolution
		HideSolutionNode = FALSE
	EndGlobalSection
	GlobalSection(NestedProjects) = preSolution
		{6388794D-D908-413F-80C1-0BBB69F9EE0D} = {AA43FEFB-1F00-424C-B24C-B12CC80FF488}
	EndGlobalSection
	GlobalSection(ExtensibilityGlobals) = postSolution
		SolutionGuid = {58453713-40EC-4C9E-AFC7-2A10CF4A4532}
	EndGlobalSection
EndGlobal
